github.com/zoobzio/clockz v0.0.2 h1:72E53zhvh8EyxDPEy41CZOYSpSlmt8S+QNdFMVPA1xQ=
github.com/zoobzio/clockz v0.0.2/go.mod h1:noq8vP/zaqBtSlAQ8Yp9im3afEhFZxYLmxZX53ZilLc=
github.com/zoobzio/pipz v0.0.8 h1:VyzBFq8YHme+rbRlFqEb4CdLvEsFdEqHkineVDACnjc=
github.com/zoobzio/pipz v0.0.8/go.mod h1:0QlALYU111MMbNuM7APdoROEKPDW0X7JuNxLOtKwIyU=
