github.com/google/uuid v1.6.0 h1:NIvaJDMOsjHA8n1jAhLSgzrAzy1Hgr+hNrb57e+94F0=
github.com/google/uuid v1.6.0/go.mod h1:TIyPZe4MgqvfeYDBFedMoGGpEw/LqOeaOT+nhxU+yHo=
github.com/zoobzio/capitan v1.0.0 h1:hEB8XX/FmtIDHKjjTJrUWXkDiZTYa/Jtd/qWO0yc2Dc=
github.com/zoobzio/clockz v1.0.0 h1:B0uzNpgdzqVKewyHUpx+EIZg+zS8Y0tXcVF1qY6IN8A=
github.com/zoobzio/pipz v1.0.4 h1:8VgHdD+bX3HzYnc4F77oFNPFceaIf8D32LzrCWaGMe4=
github.com/zoobzio/sentinel v1.0.2 h1:hTs5Ke2Vi0VgOkoHSJF9G3BYnxTQjMbvOH+qbbQLaoY=
